
Microsoft Visual Studio Solution File, Format Version 12.00
# Visual Studio 2013
VisualStudioVersion = 12.0.30501.0
MinimumVisualStudioVersion = 10.0.40219.1
Project("{FAE04EC0-301F-11D3-BF4B-00C04F79EFBC}") = "WcfBookServiceLibraryTest", "UnitTestProject1\WcfBookServiceLibraryTest.csproj", "{E748408E-13BB-409E-8013-446033AFE81A}"
EndProject
Project("{FAE04EC0-301F-11D3-BF4B-00C04F79EFBC}") = "WcfBookServiceLibrary", "WcfServiceLibrary1\WcfBookServiceLibrary.csproj", "{FC9E3527-2DC1-4360-A55B-E42315BF46CE}"
EndProject
Project("{FAE04EC0-301F-11D3-BF4B-00C04F79EFBC}") = "BookFinder", "BookFinder\BookFinder.csproj", "{98AE6B69-750F-4307-8B94-95DAF7DEC532}"
EndProject
Global
	GlobalSection(SolutionConfigurationPlatforms) = preSolution
		Debug|Any CPU = Debug|Any CPU
		Release|Any CPU = Release|Any CPU
	EndGlobalSection
	GlobalSection(ProjectConfigurationPlatforms) = postSolution
		{E748408E-13BB-409E-8013-446033AFE81A}.Debug|Any CPU.ActiveCfg = Debug|Any CPU
		{E748408E-13BB-409E-8013-446033AFE81A}.Debug|Any CPU.Build.0 = Debug|Any CPU
		{E748408E-13BB-409E-8013-446033AFE81A}.Release|Any CPU.ActiveCfg = Release|Any CPU
		{E748408E-13BB-409E-8013-446033AFE81A}.Release|Any CPU.Build.0 = Release|Any CPU
		{FC9E3527-2DC1-4360-A55B-E42315BF46CE}.Debug|Any CPU.ActiveCfg = Debug|Any CPU
		{FC9E3527-2DC1-4360-A55B-E42315BF46CE}.Debug|Any CPU.Build.0 = Debug|Any CPU
		{FC9E3527-2DC1-4360-A55B-E42315BF46CE}.Release|Any CPU.ActiveCfg = Release|Any CPU
		{FC9E3527-2DC1-4360-A55B-E42315BF46CE}.Release|Any CPU.Build.0 = Release|Any CPU
		{98AE6B69-750F-4307-8B94-95DAF7DEC532}.Debug|Any CPU.ActiveCfg = Debug|Any CPU
		{98AE6B69-750F-4307-8B94-95DAF7DEC532}.Debug|Any CPU.Build.0 = Debug|Any CPU
		{98AE6B69-750F-4307-8B94-95DAF7DEC532}.Release|Any CPU.ActiveCfg = Release|Any CPU
		{98AE6B69-750F-4307-8B94-95DAF7DEC532}.Release|Any CPU.Build.0 = Release|Any CPU
	EndGlobalSection
	GlobalSection(SolutionProperties) = preSolution
		HideSolutionNode = FALSE
	EndGlobalSection
EndGlobal
